
Microsoft Visual Studio Solution File, Format Version 12.00
# Visual Studio Version 17
VisualStudioVersion = 17.7.33711.374
MinimumVisualStudioVersion = 10.0.40219.1
Project("{9A19103F-16F7-4668-BE54-9A1E7A4F7556}") = "BlogManagementMVC", "BlogManagementMVC\BlogManagementMVC.csproj", "{94A75051-4FCD-4599-BACA-C90D6D52A8ED}"
EndProject
Project("{FAE04EC0-301F-11D3-BF4B-00C04F79EFBC}") = "BlogManagementLibrary", "BlogManagementLibrary\BlogManagementLibrary.csproj", "{2DEFBF4E-D8B1-42A7-9628-15C79DBF8491}"
EndProject
Project("{FAE04EC0-301F-11D3-BF4B-00C04F79EFBC}") = "BlogManagementWEB", "BlogManagementWEB\BlogManagementWEB.csproj", "{D9EFD789-6625-4F11-8985-C922D669AC5B}"
EndProject
Global
	GlobalSection(SolutionConfigurationPlatforms) = preSolution
		Debug|Any CPU = Debug|Any CPU
		Release|Any CPU = Release|Any CPU
	EndGlobalSection
	GlobalSection(ProjectConfigurationPlatforms) = postSolution
		{94A75051-4FCD-4599-BACA-C90D6D52A8ED}.Debug|Any CPU.ActiveCfg = Debug|Any CPU
		{94A75051-4FCD-4599-BACA-C90D6D52A8ED}.Debug|Any CPU.Build.0 = Debug|Any CPU
		{94A75051-4FCD-4599-BACA-C90D6D52A8ED}.Release|Any CPU.ActiveCfg = Release|Any CPU
		{94A75051-4FCD-4599-BACA-C90D6D52A8ED}.Release|Any CPU.Build.0 = Release|Any CPU
		{2DEFBF4E-D8B1-42A7-9628-15C79DBF8491}.Debug|Any CPU.ActiveCfg = Debug|Any CPU
		{2DEFBF4E-D8B1-42A7-9628-15C79DBF8491}.Debug|Any CPU.Build.0 = Debug|Any CPU
		{2DEFBF4E-D8B1-42A7-9628-15C79DBF8491}.Release|Any CPU.ActiveCfg = Release|Any CPU
		{2DEFBF4E-D8B1-42A7-9628-15C79DBF8491}.Release|Any CPU.Build.0 = Release|Any CPU
		{D9EFD789-6625-4F11-8985-C922D669AC5B}.Debug|Any CPU.ActiveCfg = Debug|Any CPU
		{D9EFD789-6625-4F11-8985-C922D669AC5B}.Debug|Any CPU.Build.0 = Debug|Any CPU
		{D9EFD789-6625-4F11-8985-C922D669AC5B}.Release|Any CPU.ActiveCfg = Release|Any CPU
		{D9EFD789-6625-4F11-8985-C922D669AC5B}.Release|Any CPU.Build.0 = Release|Any CPU
	EndGlobalSection
	GlobalSection(SolutionProperties) = preSolution
		HideSolutionNode = FALSE
	EndGlobalSection
	GlobalSection(ExtensibilityGlobals) = postSolution
		SolutionGuid = {AEA95151-70AC-4384-AB12-9688C4B862DD}
	EndGlobalSection
EndGlobal
